
Microsoft Visual Studio Solution File, Format Version 12.00
# Visual Studio Version 17
VisualStudioVersion = 17.13.35825.156
MinimumVisualStudioVersion = 10.0.40219.1
Project("{FAE04EC0-301F-11D3-BF4B-00C04F79EFBC}") = "Excercise2", "Excercise2\Excercise2.csproj", "{F220BDB9-DA49-486F-9B6B-491413860CDF}"
EndProject
Project("{FAE04EC0-301F-11D3-BF4B-00C04F79EFBC}") = "Excercise1", "Excercise1\Excercise1.csproj", "{C644356B-168B-4128-B7C4-3082CE7FF363}"
EndProject
Global
	GlobalSection(SolutionConfigurationPlatforms) = preSolution
		Debug|Any CPU = Debug|Any CPU
		Release|Any CPU = Release|Any CPU
	EndGlobalSection
	GlobalSection(ProjectConfigurationPlatforms) = postSolution
		{F220BDB9-DA49-486F-9B6B-491413860CDF}.Debug|Any CPU.ActiveCfg = Debug|Any CPU
		{F220BDB9-DA49-486F-9B6B-491413860CDF}.Debug|Any CPU.Build.0 = Debug|Any CPU
		{F220BDB9-DA49-486F-9B6B-491413860CDF}.Release|Any CPU.ActiveCfg = Release|Any CPU
		{F220BDB9-DA49-486F-9B6B-491413860CDF}.Release|Any CPU.Build.0 = Release|Any CPU
		{C644356B-168B-4128-B7C4-3082CE7FF363}.Debug|Any CPU.ActiveCfg = Debug|Any CPU
		{C644356B-168B-4128-B7C4-3082CE7FF363}.Debug|Any CPU.Build.0 = Debug|Any CPU
		{C644356B-168B-4128-B7C4-3082CE7FF363}.Release|Any CPU.ActiveCfg = Release|Any CPU
		{C644356B-168B-4128-B7C4-3082CE7FF363}.Release|Any CPU.Build.0 = Release|Any CPU
	EndGlobalSection
	GlobalSection(SolutionProperties) = preSolution
		HideSolutionNode = FALSE
	EndGlobalSection
	GlobalSection(ExtensibilityGlobals) = postSolution
		SolutionGuid = {8D1DDD70-191D-4B0D-838B-BC43C5AA1644}
	EndGlobalSection
EndGlobal
